// !$*UTF8*$!
{
	archiveVersion = 1;
	classes = {
	};
	objectVersion = 50;
	objects = {

/* Begin PBXBuildFile section */
		CAF3E23A22B04ACE00DDAB21 /* AppDelegate.swift in Sources */ = {isa = PBXBuildFile; fileRef = CAF3E23922B04ACE00DDAB21 /* AppDelegate.swift */; };
		CAF3E23C22B04ACE00DDAB21 /* BibleBooksVC.swift in Sources */ = {isa = PBXBuildFile; fileRef = CAF3E23B22B04ACE00DDAB21 /* BibleBooksVC.swift */; };
		CAF3E23F22B04ACE00DDAB21 /* Main.storyboard in Resources */ = {isa = PBXBuildFile; fileRef = CAF3E23D22B04ACE00DDAB21 /* Main.storyboard */; };
		CAF3E24122B04AD100DDAB21 /* Assets.xcassets in Resources */ = {isa = PBXBuildFile; fileRef = CAF3E24022B04AD100DDAB21 /* Assets.xcassets */; };
		CAF3E24422B04AD100DDAB21 /* LaunchScreen.storyboard in Resources */ = {isa = PBXBuildFile; fileRef = CAF3E24222B04AD100DDAB21 /* LaunchScreen.storyboard */; };
		CAF3E24F22B04AD100DDAB21 /* BibleApp_FinalTests.swift in Sources */ = {isa = PBXBuildFile; fileRef = CAF3E24E22B04AD100DDAB21 /* BibleApp_FinalTests.swift */; };
		CAF3E25A22B04AD100DDAB21 /* BibleApp_FinalUITests.swift in Sources */ = {isa = PBXBuildFile; fileRef = CAF3E25922B04AD100DDAB21 /* BibleApp_FinalUITests.swift */; };
		CAF3E28322B04C4700DDAB21 /* Bible.swift in Sources */ = {isa = PBXBuildFile; fileRef = CAF3E28222B04C4700DDAB21 /* Bible.swift */; };
		CAF3E28522B04C6000DDAB21 /* bible_cuv.db in Resources */ = {isa = PBXBuildFile; fileRef = CAF3E28422B04C5F00DDAB21 /* bible_cuv.db */; };
		CAF3E2B422B5EA2100DDAB21 /* BibleChaptersVC.swift in Sources */ = {isa = PBXBuildFile; fileRef = CAF3E2B322B5EA2100DDAB21 /* BibleChaptersVC.swift */; };
		CAF3E2B622B5EA4E00DDAB21 /* BibleVersesVC.swift in Sources */ = {isa = PBXBuildFile; fileRef = CAF3E2B522B5EA4E00DDAB21 /* BibleVersesVC.swift */; };
		D5B7947D46D9F80232A75C76 /* Pods_BibleApp_Final.framework in Frameworks */ = {isa = PBXBuildFile; fileRef = 373D7840AF67C415AE522D98 /* Pods_BibleApp_Final.framework */; };
/* End PBXBuildFile section */

/* Begin PBXContainerItemProxy section */
		CAF3E24B22B04AD100DDAB21 /* PBXContainerItemProxy */ = {
			isa = PBXContainerItemProxy;
			containerPortal = CAF3E22E22B04ACD00DDAB21 /* Project object */;
			proxyType = 1;
			remoteGlobalIDString = CAF3E23522B04ACE00DDAB21;
			remoteInfo = BibleApp_Final;
		};
		CAF3E25622B04AD100DDAB21 /* PBXContainerItemProxy */ = {
			isa = PBXContainerItemProxy;
			containerPortal = CAF3E22E22B04ACD00DDAB21 /* Project object */;
			proxyType = 1;
			remoteGlobalIDString = CAF3E23522B04ACE00DDAB21;
			remoteInfo = BibleApp_Final;
		};
/* End PBXContainerItemProxy section */

/* Begin PBXCopyFilesBuildPhase section */
		CAF3E28A22B04DEE00DDAB21 /* Embed Frameworks */ = {
			isa = PBXCopyFilesBuildPhase;
			buildActionMask = 2147483647;
			dstPath = "";
			dstSubfolderSpec = 10;
			files = (
			);
			name = "Embed Frameworks";
			runOnlyForDeploymentPostprocessing = 0;
		};
/* End PBXCopyFilesBuildPhase section */

/* Begin PBXFileReference section */
		00885BB48BCB1CD158B0637A /* Pods-BibleApp_Final.release.xcconfig */ = {isa = PBXFileReference; includeInIndex = 1; lastKnownFileType = text.xcconfig; name = "Pods-BibleApp_Final.release.xcconfig"; path = "Target Support Files/Pods-BibleApp_Final/Pods-BibleApp_Final.release.xcconfig"; sourceTree = "<group>"; };
		373D7840AF67C415AE522D98 /* Pods_BibleApp_Final.framework */ = {isa = PBXFileReference; explicitFileType = wrapper.framework; includeInIndex = 0; path = Pods_BibleApp_Final.framework; sourceTree = BUILT_PRODUCTS_DIR; };
		CAF3E23622B04ACE00DDAB21 /* BibleApp_Final.app */ = {isa = PBXFileReference; explicitFileType = wrapper.application; includeInIndex = 0; path = BibleApp_Final.app; sourceTree = BUILT_PRODUCTS_DIR; };
		CAF3E23922B04ACE00DDAB21 /* AppDelegate.swift */ = {isa = PBXFileReference; lastKnownFileType = sourcecode.swift; path = AppDelegate.swift; sourceTree = "<group>"; };
		CAF3E23B22B04ACE00DDAB21 /* BibleBooksVC.swift */ = {isa = PBXFileReference; lastKnownFileType = sourcecode.swift; path = BibleBooksVC.swift; sourceTree = "<group>"; };
		CAF3E23E22B04ACE00DDAB21 /* Base */ = {isa = PBXFileReference; lastKnownFileType = file.storyboard; name = Base; path = Base.lproj/Main.storyboard; sourceTree = "<group>"; };
		CAF3E24022B04AD100DDAB21 /* Assets.xcassets */ = {isa = PBXFileReference; lastKnownFileType = folder.assetcatalog; path = Assets.xcassets; sourceTree = "<group>"; };
		CAF3E24322B04AD100DDAB21 /* Base */ = {isa = PBXFileReference; lastKnownFileType = file.storyboard; name = Base; path = Base.lproj/LaunchScreen.storyboard; sourceTree = "<group>"; };
		CAF3E24522B04AD100DDAB21 /* Info.plist */ = {isa = PBXFileReference; lastKnownFileType = text.plist.xml; path = Info.plist; sourceTree = "<group>"; };
		CAF3E24A22B04AD100DDAB21 /* BibleApp_FinalTests.xctest */ = {isa = PBXFileReference; explicitFileType = wrapper.cfbundle; includeInIndex = 0; path = BibleApp_FinalTests.xctest; sourceTree = BUILT_PRODUCTS_DIR; };
		CAF3E24E22B04AD100DDAB21 /* BibleApp_FinalTests.swift */ = {isa = PBXFileReference; lastKnownFileType = sourcecode.swift; path = BibleApp_FinalTests.swift; sourceTree = "<group>"; };
		CAF3E25022B04AD100DDAB21 /* Info.plist */ = {isa = PBXFileReference; lastKnownFileType = text.plist.xml; path = Info.plist; sourceTree = "<group>"; };
		CAF3E25522B04AD100DDAB21 /* BibleApp_FinalUITests.xctest */ = {isa = PBXFileReference; explicitFileType = wrapper.cfbundle; includeInIndex = 0; path = BibleApp_FinalUITests.xctest; sourceTree = BUILT_PRODUCTS_DIR; };
		CAF3E25922B04AD100DDAB21 /* BibleApp_FinalUITests.swift */ = {isa = PBXFileReference; lastKnownFileType = sourcecode.swift; path = BibleApp_FinalUITests.swift; sourceTree = "<group>"; };
		CAF3E25B22B04AD200DDAB21 /* Info.plist */ = {isa = PBXFileReference; lastKnownFileType = text.plist.xml; path = Info.plist; sourceTree = "<group>"; };
		CAF3E28222B04C4700DDAB21 /* Bible.swift */ = {isa = PBXFileReference; fileEncoding = 4; lastKnownFileType = sourcecode.swift; path = Bible.swift; sourceTree = "<group>"; };
		CAF3E28422B04C5F00DDAB21 /* bible_cuv.db */ = {isa = PBXFileReference; lastKnownFileType = file; path = bible_cuv.db; sourceTree = "<group>"; };
		CAF3E2B322B5EA2100DDAB21 /* BibleChaptersVC.swift */ = {isa = PBXFileReference; lastKnownFileType = sourcecode.swift; path = BibleChaptersVC.swift; sourceTree = "<group>"; };
		CAF3E2B522B5EA4E00DDAB21 /* BibleVersesVC.swift */ = {isa = PBXFileReference; lastKnownFileType = sourcecode.swift; path = BibleVersesVC.swift; sourceTree = "<group>"; };
		FEB2C7F5FD28D3C38377FD37 /* Pods-BibleApp_Final.debug.xcconfig */ = {isa = PBXFileReference; includeInIndex = 1; lastKnownFileType = text.xcconfig; name = "Pods-BibleApp_Final.debug.xcconfig"; path = "Target Support Files/Pods-BibleApp_Final/Pods-BibleApp_Final.debug.xcconfig"; sourceTree = "<group>"; };
/* End PBXFileReference section */

/* Begin PBXFrameworksBuildPhase section */
		CAF3E23322B04ACE00DDAB21 /* Frameworks */ = {
			isa = PBXFrameworksBuildPhase;
			buildActionMask = 2147483647;
			files = (
				D5B7947D46D9F80232A75C76 /* Pods_BibleApp_Final.framework in Frameworks */,
			);
			runOnlyForDeploymentPostprocessing = 0;
		};
		CAF3E24722B04AD100DDAB21 /* Frameworks */ = {
			isa = PBXFrameworksBuildPhase;
			buildActionMask = 2147483647;
			files = (
			);
			runOnlyForDeploymentPostprocessing = 0;
		};
		CAF3E25222B04AD100DDAB21 /* Frameworks */ = {
			isa = PBXFrameworksBuildPhase;
			buildActionMask = 2147483647;
			files = (
			);
			runOnlyForDeploymentPostprocessing = 0;
		};
/* End PBXFrameworksBuildPhase section */

/* Begin PBXGroup section */
		4607FB9AF98EEAC9C6599E91 /* Pods */ = {
			isa = PBXGroup;
			children = (
				FEB2C7F5FD28D3C38377FD37 /* Pods-BibleApp_Final.debug.xcconfig */,
				00885BB48BCB1CD158B0637A /* Pods-BibleApp_Final.release.xcconfig */,
			);
			path = Pods;
			sourceTree = "<group>";
		};
		CAF3E22D22B04ACD00DDAB21 = {
			isa = PBXGroup;
			children = (
				CAF3E28422B04C5F00DDAB21 /* bible_cuv.db */,
				CAF3E28222B04C4700DDAB21 /* Bible.swift */,
				CAF3E23822B04ACE00DDAB21 /* BibleApp_Final */,
				CAF3E24D22B04AD100DDAB21 /* BibleApp_FinalTests */,
				CAF3E25822B04AD100DDAB21 /* BibleApp_FinalUITests */,
				CAF3E23722B04ACE00DDAB21 /* Products */,
				CAF3E28022B04BAE00DDAB21 /* Frameworks */,
				4607FB9AF98EEAC9C6599E91 /* Pods */,
			);
			sourceTree = "<group>";
		};
		CAF3E23722B04ACE00DDAB21 /* Products */ = {
			isa = PBXGroup;
			children = (
				CAF3E23622B04ACE00DDAB21 /* BibleApp_Final.app */,
				CAF3E24A22B04AD100DDAB21 /* BibleApp_FinalTests.xctest */,
				CAF3E25522B04AD100DDAB21 /* BibleApp_FinalUITests.xctest */,
			);
			name = Products;
			sourceTree = "<group>";
		};
		CAF3E23822B04ACE00DDAB21 /* BibleApp_Final */ = {
			isa = PBXGroup;
			children = (
				CAF3E26722B04AF100DDAB21 /* Supporting Files */,
				CAF3E2B722B5EA6100DDAB21 /* Controllers */,
				CAF3E23D22B04ACE00DDAB21 /* Main.storyboard */,
				CAF3E24522B04AD100DDAB21 /* Info.plist */,
			);
			path = BibleApp_Final;
			sourceTree = "<group>";
		};
		CAF3E24D22B04AD100DDAB21 /* BibleApp_FinalTests */ = {
			isa = PBXGroup;
			children = (
				CAF3E24E22B04AD100DDAB21 /* BibleApp_FinalTests.swift */,
				CAF3E25022B04AD100DDAB21 /* Info.plist */,
			);
			path = BibleApp_FinalTests;
			sourceTree = "<group>";
		};
		CAF3E25822B04AD100DDAB21 /* BibleApp_FinalUITests */ = {
			isa = PBXGroup;
			children = (
				CAF3E25922B04AD100DDAB21 /* BibleApp_FinalUITests.swift */,
				CAF3E25B22B04AD200DDAB21 /* Info.plist */,
			);
			path = BibleApp_FinalUITests;
			sourceTree = "<group>";
		};
		CAF3E26722B04AF100DDAB21 /* Supporting Files */ = {
			isa = PBXGroup;
			children = (
				CAF3E23922B04ACE00DDAB21 /* AppDelegate.swift */,
				CAF3E24022B04AD100DDAB21 /* Assets.xcassets */,
				CAF3E24222B04AD100DDAB21 /* LaunchScreen.storyboard */,
			);
			path = "Supporting Files";
			sourceTree = "<group>";
		};
		CAF3E28022B04BAE00DDAB21 /* Frameworks */ = {
			isa = PBXGroup;
			children = (
				373D7840AF67C415AE522D98 /* Pods_BibleApp_Final.framework */,
			);
			name = Frameworks;
			sourceTree = "<group>";
		};
		CAF3E2B722B5EA6100DDAB21 /* Controllers */ = {
			isa = PBXGroup;
			children = (
				CAF3E23B22B04ACE00DDAB21 /* BibleBooksVC.swift */,
				CAF3E2B322B5EA2100DDAB21 /* BibleChaptersVC.swift */,
				CAF3E2B522B5EA4E00DDAB21 /* BibleVersesVC.swift */,
			);
			path = Controllers;
			sourceTree = "<group>";
		};
/* End PBXGroup section */

/* Begin PBXNativeTarget section */
		CAF3E23522B04ACE00DDAB21 /* BibleApp_Final */ = {
			isa = PBXNativeTarget;
			buildConfigurationList = CAF3E25E22B04AD200DDAB21 /* Build configuration list for PBXNativeTarget "BibleApp_Final" */;
			buildPhases = (
				E7DAA028BB8DF4C0800940F2 /* [CP] Check Pods Manifest.lock */,
				CAF3E23222B04ACE00DDAB21 /* Sources */,
				CAF3E23322B04ACE00DDAB21 /* Frameworks */,
				CAF3E23422B04ACE00DDAB21 /* Resources */,
				CAF3E28A22B04DEE00DDAB21 /* Embed Frameworks */,
				F4CEACAB9BA81A2C94A60AF2 /* [CP] Embed Pods Frameworks */,
			);
			buildRules = (
			);
			dependencies = (
			);
			name = BibleApp_Final;
			productName = BibleApp_Final;
			productReference = CAF3E23622B04ACE00DDAB21 /* BibleApp_Final.app */;
			productType = "com.apple.product-type.application";
		};
		CAF3E24922B04AD100DDAB21 /* BibleApp_FinalTests */ = {
			isa = PBXNativeTarget;
			buildConfigurationList = CAF3E26122B04AD200DDAB21 /* Build configuration list for PBXNativeTarget "BibleApp_FinalTests" */;
			buildPhases = (
				CAF3E24622B04AD100DDAB21 /* Sources */,
				CAF3E24722B04AD100DDAB21 /* Frameworks */,
				CAF3E24822B04AD100DDAB21 /* Resources */,
			);
			buildRules = (
			);
			dependencies = (
				CAF3E24C22B04AD100DDAB21 /* PBXTargetDependency */,
			);
			name = BibleApp_FinalTests;
			productName = BibleApp_FinalTests;
			productReference = CAF3E24A22B04AD100DDAB21 /* BibleApp_FinalTests.xctest */;
			productType = "com.apple.product-type.bundle.unit-test";
		};
		CAF3E25422B04AD100DDAB21 /* BibleApp_FinalUITests */ = {
			isa = PBXNativeTarget;
			buildConfigurationList = CAF3E26422B04AD200DDAB21 /* Build configuration list for PBXNativeTarget "BibleApp_FinalUITests" */;
			buildPhases = (
				CAF3E25122B04AD100DDAB21 /* Sources */,
				CAF3E25222B04AD100DDAB21 /* Frameworks */,
				CAF3E25322B04AD100DDAB21 /* Resources */,
			);
			buildRules = (
			);
			dependencies = (
				CAF3E25722B04AD100DDAB21 /* PBXTargetDependency */,
			);
			name = BibleApp_FinalUITests;
			productName = BibleApp_FinalUITests;
			productReference = CAF3E25522B04AD100DDAB21 /* BibleApp_FinalUITests.xctest */;
			productType = "com.apple.product-type.bundle.ui-testing";
		};
/* End PBXNativeTarget section */

/* Begin PBXProject section */
		CAF3E22E22B04ACD00DDAB21 /* Project object */ = {
			isa = PBXProject;
			attributes = {
				LastSwiftUpdateCheck = 0940;
				LastUpgradeCheck = 0940;
				ORGANIZATIONNAME = Jeremy_Liu;
				TargetAttributes = {
					CAF3E23522B04ACE00DDAB21 = {
						CreatedOnToolsVersion = 9.4;
					};
					CAF3E24922B04AD100DDAB21 = {
						CreatedOnToolsVersion = 9.4;
						TestTargetID = CAF3E23522B04ACE00DDAB21;
					};
					CAF3E25422B04AD100DDAB21 = {
						CreatedOnToolsVersion = 9.4;
						TestTargetID = CAF3E23522B04ACE00DDAB21;
					};
				};
			};
			buildConfigurationList = CAF3E23122B04ACD00DDAB21 /* Build configuration list for PBXProject "BibleApp_Final" */;
			compatibilityVersion = "Xcode 9.3";
			developmentRegion = en;
			hasScannedForEncodings = 0;
			knownRegions = (
				en,
				Base,
			);
			mainGroup = CAF3E22D22B04ACD00DDAB21;
			productRefGroup = CAF3E23722B04ACE00DDAB21 /* Products */;
			projectDirPath = "";
			projectRoot = "";
			targets = (
				CAF3E23522B04ACE00DDAB21 /* BibleApp_Final */,
				CAF3E24922B04AD100DDAB21 /* BibleApp_FinalTests */,
				CAF3E25422B04AD100DDAB21 /* BibleApp_FinalUITests */,
			);
		};
/* End PBXProject section */

/* Begin PBXResourcesBuildPhase section */
		CAF3E23422B04ACE00DDAB21 /* Resources */ = {
			isa = PBXResourcesBuildPhase;
			buildActionMask = 2147483647;
			files = (
				CAF3E24422B04AD100DDAB21 /* LaunchScreen.storyboard in Resources */,
				CAF3E24122B04AD100DDAB21 /* Assets.xcassets in Resources */,
				CAF3E23F22B04ACE00DDAB21 /* Main.storyboard in Resources */,
				CAF3E28522B04C6000DDAB21 /* bible_cuv.db in Resources */,
			);
			runOnlyForDeploymentPostprocessing = 0;
		};
		CAF3E24822B04AD100DDAB21 /* Resources */ = {
			isa = PBXResourcesBuildPhase;
			buildActionMask = 2147483647;
			files = (
			);
			runOnlyForDeploymentPostprocessing = 0;
		};
		CAF3E25322B04AD100DDAB21 /* Resources */ = {
			isa = PBXResourcesBuildPhase;
			buildActionMask = 2147483647;
			files = (
			);
			runOnlyForDeploymentPostprocessing = 0;
		};
/* End PBXResourcesBuildPhase section */

/* Begin PBXShellScriptBuildPhase section */
		E7DAA028BB8DF4C0800940F2 /* [CP] Check Pods Manifest.lock */ = {
			isa = PBXShellScriptBuildPhase;
			buildActionMask = 2147483647;
			files = (
			);
			inputPaths = (
				"${PODS_PODFILE_DIR_PATH}/Podfile.lock",
				"${PODS_ROOT}/Manifest.lock",
			);
			name = "[CP] Check Pods Manifest.lock";
			outputPaths = (
				"$(DERIVED_FILE_DIR)/Pods-BibleApp_Final-checkManifestLockResult.txt",
			);
			runOnlyForDeploymentPostprocessing = 0;
			shellPath = /bin/sh;
			shellScript = "diff \"${PODS_PODFILE_DIR_PATH}/Podfile.lock\" \"${PODS_ROOT}/Manifest.lock\" > /dev/null\nif [ $? != 0 ] ; then\n    # print error to STDERR\n    echo \"error: The sandbox is not in sync with the Podfile.lock. Run 'pod install' or update your CocoaPods installation.\" >&2\n    exit 1\nfi\n# This output is used by Xcode 'outputs' to avoid re-running this script phase.\necho \"SUCCESS\" > \"${SCRIPT_OUTPUT_FILE_0}\"\n";
			showEnvVarsInLog = 0;
		};
		F4CEACAB9BA81A2C94A60AF2 /* [CP] Embed Pods Frameworks */ = {
			isa = PBXShellScriptBuildPhase;
			buildActionMask = 2147483647;
			files = (
			);
			name = "[CP] Embed Pods Frameworks";
			runOnlyForDeploymentPostprocessing = 0;
			shellPath = /bin/sh;
			shellScript = "\"${PODS_ROOT}/Target Support Files/Pods-BibleApp_Final/Pods-BibleApp_Final-frameworks.sh\"\n";
			showEnvVarsInLog = 0;
		};
/* End PBXShellScriptBuildPhase section */

/* Begin PBXSourcesBuildPhase section */
		CAF3E23222B04ACE00DDAB21 /* Sources */ = {
			isa = PBXSourcesBuildPhase;
			buildActionMask = 2147483647;
			files = (
				CAF3E23C22B04ACE00DDAB21 /* BibleBooksVC.swift in Sources */,
				CAF3E2B622B5EA4E00DDAB21 /* BibleVersesVC.swift in Sources */,
				CAF3E2B422B5EA2100DDAB21 /* BibleChaptersVC.swift in Sources */,
				CAF3E23A22B04ACE00DDAB21 /* AppDelegate.swift in Sources */,
				CAF3E28322B04C4700DDAB21 /* Bible.swift in Sources */,
			);
			runOnlyForDeploymentPostprocessing = 0;
		};
		CAF3E24622B04AD100DDAB21 /* Sources */ = {
			isa = PBXSourcesBuildPhase;
			buildActionMask = 2147483647;
			files = (
				CAF3E24F22B04AD100DDAB21 /* BibleApp_FinalTests.swift in Sources */,
			);
			runOnlyForDeploymentPostprocessing = 0;
		};
		CAF3E25122B04AD100DDAB21 /* Sources */ = {
			isa = PBXSourcesBuildPhase;
			buildActionMask = 2147483647;
			files = (
				CAF3E25A22B04AD100DDAB21 /* BibleApp_FinalUITests.swift in Sources */,
			);
			runOnlyForDeploymentPostprocessing = 0;
		};
/* End PBXSourcesBuildPhase section */

/* Begin PBXTargetDependency section */
		CAF3E24C22B04AD100DDAB21 /* PBXTargetDependency */ = {
			isa = PBXTargetDependency;
			target = CAF3E23522B04ACE00DDAB21 /* BibleApp_Final */;
			targetProxy = CAF3E24B22B04AD100DDAB21 /* PBXContainerItemProxy */;
		};
		CAF3E25722B04AD100DDAB21 /* PBXTargetDependency */ = {
			isa = PBXTargetDependency;
			target = CAF3E23522B04ACE00DDAB21 /* BibleApp_Final */;
			targetProxy = CAF3E25622B04AD100DDAB21 /* PBXContainerItemProxy */;
		};
/* End PBXTargetDependency section */

/* Begin PBXVariantGroup section */
		CAF3E23D22B04ACE00DDAB21 /* Main.storyboard */ = {
			isa = PBXVariantGroup;
			children = (
				CAF3E23E22B04ACE00DDAB21 /* Base */,
			);
			name = Main.storyboard;
			sourceTree = "<group>";
		};
		CAF3E24222B04AD100DDAB21 /* LaunchScreen.storyboard */ = {
			isa = PBXVariantGroup;
			children = (
				CAF3E24322B04AD100DDAB21 /* Base */,
			);
			name = LaunchScreen.storyboard;
			sourceTree = "<group>";
		};
/* End PBXVariantGroup section */

/* Begin XCBuildConfiguration section */
		CAF3E25C22B04AD200DDAB21 /* Debug */ = {
			isa = XCBuildConfiguration;
			buildSettings = {
				ALWAYS_SEARCH_USER_PATHS = NO;
				CLANG_ANALYZER_NONNULL = YES;
				CLANG_ANALYZER_NUMBER_OBJECT_CONVERSION = YES_AGGRESSIVE;
				CLANG_CXX_LANGUAGE_STANDARD = "gnu++14";
				CLANG_CXX_LIBRARY = "libc++";
				CLANG_ENABLE_MODULES = YES;
				CLANG_ENABLE_OBJC_ARC = YES;
				CLANG_ENABLE_OBJC_WEAK = YES;
				CLANG_WARN_BLOCK_CAPTURE_AUTORELEASING = YES;
				CLANG_WARN_BOOL_CONVERSION = YES;
				CLANG_WARN_COMMA = YES;
				CLANG_WARN_CONSTANT_CONVERSION = YES;
				CLANG_WARN_DEPRECATED_OBJC_IMPLEMENTATIONS = YES;
				CLANG_WARN_DIRECT_OBJC_ISA_USAGE = YES_ERROR;
				CLANG_WARN_DOCUMENTATION_COMMENTS = YES;
				CLANG_WARN_EMPTY_BODY = YES;
				CLANG_WARN_ENUM_CONVERSION = YES;
				CLANG_WARN_INFINITE_RECURSION = YES;
				CLANG_WARN_INT_CONVERSION = YES;
				CLANG_WARN_NON_LITERAL_NULL_CONVERSION = YES;
				CLANG_WARN_OBJC_IMPLICIT_RETAIN_SELF = YES;
				CLANG_WARN_OBJC_LITERAL_CONVERSION = YES;
				CLANG_WARN_OBJC_ROOT_CLASS = YES_ERROR;
				CLANG_WARN_RANGE_LOOP_ANALYSIS = YES;
				CLANG_WARN_STRICT_PROTOTYPES = YES;
				CLANG_WARN_SUSPICIOUS_MOVE = YES;
				CLANG_WARN_UNGUARDED_AVAILABILITY = YES_AGGRESSIVE;
				CLANG_WARN_UNREACHABLE_CODE = YES;
				CLANG_WARN__DUPLICATE_METHOD_MATCH = YES;
				CODE_SIGN_IDENTITY = "iPhone Developer";
				COPY_PHASE_STRIP = NO;
				DEBUG_INFORMATION_FORMAT = dwarf;
				ENABLE_STRICT_OBJC_MSGSEND = YES;
				ENABLE_TESTABILITY = YES;
				GCC_C_LANGUAGE_STANDARD = gnu11;
				GCC_DYNAMIC_NO_PIC = NO;
				GCC_NO_COMMON_BLOCKS = YES;
				GCC_OPTIMIZATION_LEVEL = 0;
				GCC_PREPROCESSOR_DEFINITIONS = (
					"DEBUG=1",
					"$(inherited)",
				);
				GCC_WARN_64_TO_32_BIT_CONVERSION = YES;
				GCC_WARN_ABOUT_RETURN_TYPE = YES_ERROR;
				GCC_WARN_UNDECLARED_SELECTOR = YES;
				GCC_WARN_UNINITIALIZED_AUTOS = YES_AGGRESSIVE;
				GCC_WARN_UNUSED_FUNCTION = YES;
				GCC_WARN_UNUSED_VARIABLE = YES;
				IPHONEOS_DEPLOYMENT_TARGET = 11.4;
				MTL_ENABLE_DEBUG_INFO = YES;
				ONLY_ACTIVE_ARCH = YES;
				SDKROOT = iphoneos;
				SWIFT_ACTIVE_COMPILATION_CONDITIONS = DEBUG;
				SWIFT_OPTIMIZATION_LEVEL = "-Onone";
			};
			name = Debug;
		};
		CAF3E25D22B04AD200DDAB21 /* Release */ = {
			isa = XCBuildConfiguration;
			buildSettings = {
				ALWAYS_SEARCH_USER_PATHS = NO;
				CLANG_ANALYZER_NONNULL = YES;
				CLANG_ANALYZER_NUMBER_OBJECT_CONVERSION = YES_AGGRESSIVE;
				CLANG_CXX_LANGUAGE_STANDARD = "gnu++14";
				CLANG_CXX_LIBRARY = "libc++";
				CLANG_ENABLE_MODULES = YES;
				CLANG_ENABLE_OBJC_ARC = YES;
				CLANG_ENABLE_OBJC_WEAK = YES;
				CLANG_WARN_BLOCK_CAPTURE_AUTORELEASING = YES;
				CLANG_WARN_BOOL_CONVERSION = YES;
				CLANG_WARN_COMMA = YES;
				CLANG_WARN_CONSTANT_CONVERSION = YES;
				CLANG_WARN_DEPRECATED_OBJC_IMPLEMENTATIONS = YES;
				CLANG_WARN_DIRECT_OBJC_ISA_USAGE = YES_ERROR;
				CLANG_WARN_DOCUMENTATION_COMMENTS = YES;
				CLANG_WARN_EMPTY_BODY = YES;
				CLANG_WARN_ENUM_CONVERSION = YES;
				CLANG_WARN_INFINITE_RECURSION = YES;
				CLANG_WARN_INT_CONVERSION = YES;
				CLANG_WARN_NON_LITERAL_NULL_CONVERSION = YES;
				CLANG_WARN_OBJC_IMPLICIT_RETAIN_SELF = YES;
				CLANG_WARN_OBJC_LITERAL_CONVERSION = YES;
				CLANG_WARN_OBJC_ROOT_CLASS = YES_ERROR;
				CLANG_WARN_RANGE_LOOP_ANALYSIS = YES;
				CLANG_WARN_STRICT_PROTOTYPES = YES;
				CLANG_WARN_SUSPICIOUS_MOVE = YES;
				CLANG_WARN_UNGUARDED_AVAILABILITY = YES_AGGRESSIVE;
				CLANG_WARN_UNREACHABLE_CODE = YES;
				CLANG_WARN__DUPLICATE_METHOD_MATCH = YES;
				CODE_SIGN_IDENTITY = "iPhone Developer";
				COPY_PHASE_STRIP = NO;
				DEBUG_INFORMATION_FORMAT = "dwarf-with-dsym";
				ENABLE_NS_ASSERTIONS = NO;
				ENABLE_STRICT_OBJC_MSGSEND = YES;
				GCC_C_LANGUAGE_STANDARD = gnu11;
				GCC_NO_COMMON_BLOCKS = YES;
				GCC_WARN_64_TO_32_BIT_CONVERSION = YES;
				GCC_WARN_ABOUT_RETURN_TYPE = YES_ERROR;
				GCC_WARN_UNDECLARED_SELECTOR = YES;
				GCC_WARN_UNINITIALIZED_AUTOS = YES_AGGRESSIVE;
				GCC_WARN_UNUSED_FUNCTION = YES;
				GCC_WARN_UNUSED_VARIABLE = YES;
				IPHONEOS_DEPLOYMENT_TARGET = 11.4;
				MTL_ENABLE_DEBUG_INFO = NO;
				SDKROOT = iphoneos;
				SWIFT_COMPILATION_MODE = wholemodule;
				SWIFT_OPTIMIZATION_LEVEL = "-O";
				VALIDATE_PRODUCT = YES;
			};
			name = Release;
		};
		CAF3E25F22B04AD200DDAB21 /* Debug */ = {
			isa = XCBuildConfiguration;
			baseConfigurationReference = FEB2C7F5FD28D3C38377FD37 /* Pods-BibleApp_Final.debug.xcconfig */;
			buildSettings = {
				ALWAYS_EMBED_SWIFT_STANDARD_LIBRARIES = YES;
				ASSETCATALOG_COMPILER_APPICON_NAME = AppIcon;
				CODE_SIGN_STYLE = Automatic;
				DEVELOPMENT_TEAM = JL43TC279Z;
				INFOPLIST_FILE = BibleApp_Final/Info.plist;
				LD_RUNPATH_SEARCH_PATHS = (
					"$(inherited)",
					"@executable_path/Frameworks",
				);
				PRODUCT_BUNDLE_IDENTIFIER = "com.liuxing.BibleApp-Final";
				PRODUCT_NAME = "$(TARGET_NAME)";
				SWIFT_VERSION = 4.0;
				TARGETED_DEVICE_FAMILY = "1,2";
			};
			name = Debug;
		};
		CAF3E26022B04AD200DDAB21 /* Release */ = {
			isa = XCBuildConfiguration;
			baseConfigurationReference = 00885BB48BCB1CD158B0637A /* Pods-BibleApp_Final.release.xcconfig */;
			buildSettings = {
				ALWAYS_EMBED_SWIFT_STANDARD_LIBRARIES = YES;
				ASSETCATALOG_COMPILER_APPICON_NAME = AppIcon;
				CODE_SIGN_STYLE = Automatic;
				DEVELOPMENT_TEAM = JL43TC279Z;
				INFOPLIST_FILE = BibleApp_Final/Info.plist;
				LD_RUNPATH_SEARCH_PATHS = (
					"$(inherited)",
					"@executable_path/Frameworks",
				);
				PRODUCT_BUNDLE_IDENTIFIER = "com.liuxing.BibleApp-Final";
				PRODUCT_NAME = "$(TARGET_NAME)";
				SWIFT_VERSION = 4.0;
				TARGETED_DEVICE_FAMILY = "1,2";
			};
			name = Release;
		};
		CAF3E26222B04AD200DDAB21 /* Debug */ = {
			isa = XCBuildConfiguration;
			buildSettings = {
				ALWAYS_EMBED_SWIFT_STANDARD_LIBRARIES = YES;
				BUNDLE_LOADER = "$(TEST_HOST)";
				CODE_SIGN_STYLE = Automatic;
				DEVELOPMENT_TEAM = JL43TC279Z;
				INFOPLIST_FILE = BibleApp_FinalTests/Info.plist;
				LD_RUNPATH_SEARCH_PATHS = (
					"$(inherited)",
					"@executable_path/Frameworks",
					"@loader_path/Frameworks",
				);
				PRODUCT_BUNDLE_IDENTIFIER = "com.liuxing.BibleApp-FinalTests";
				PRODUCT_NAME = "$(TARGET_NAME)";
				SWIFT_VERSION = 4.0;
				TARGETED_DEVICE_FAMILY = "1,2";
				TEST_HOST = "$(BUILT_PRODUCTS_DIR)/BibleApp_Final.app/BibleApp_Final";
			};
			name = Debug;
		};
		CAF3E26322B04AD200DDAB21 /* Release */ = {
			isa = XCBuildConfiguration;
			buildSettings = {
				ALWAYS_EMBED_SWIFT_STANDARD_LIBRARIES = YES;
				BUNDLE_LOADER = "$(TEST_HOST)";
				CODE_SIGN_STYLE = Automatic;
				DEVELOPMENT_TEAM = JL43TC279Z;
				INFOPLIST_FILE = BibleApp_FinalTests/Info.plist;
				LD_RUNPATH_SEARCH_PATHS = (
					"$(inherited)",
					"@executable_path/Frameworks",
					"@loader_path/Frameworks",
				);
				PRODUCT_BUNDLE_IDENTIFIER = "com.liuxing.BibleApp-FinalTests";
				PRODUCT_NAME = "$(TARGET_NAME)";
				SWIFT_VERSION = 4.0;
				TARGETED_DEVICE_FAMILY = "1,2";
				TEST_HOST = "$(BUILT_PRODUCTS_DIR)/BibleApp_Final.app/BibleApp_Final";
			};
			name = Release;
		};
		CAF3E26522B04AD200DDAB21 /* Debug */ = {
			isa = XCBuildConfiguration;
			buildSettings = {
				ALWAYS_EMBED_SWIFT_STANDARD_LIBRARIES = YES;
				CODE_SIGN_STYLE = Automatic;
				DEVELOPMENT_TEAM = JL43TC279Z;
				INFOPLIST_FILE = BibleApp_FinalUITests/Info.plist;
				LD_RUNPATH_SEARCH_PATHS = (
					"$(inherited)",
					"@executable_path/Frameworks",
					"@loader_path/Frameworks",
				);
				PRODUCT_BUNDLE_IDENTIFIER = "com.liuxing.BibleApp-FinalUITests";
				PRODUCT_NAME = "$(TARGET_NAME)";
				SWIFT_VERSION = 4.0;
				TARGETED_DEVICE_FAMILY = "1,2";
				TEST_TARGET_NAME = BibleApp_Final;
			};
			name = Debug;
		};
		CAF3E26622B04AD200DDAB21 /* Release */ = {
			isa = XCBuildConfiguration;
			buildSettings = {
				ALWAYS_EMBED_SWIFT_STANDARD_LIBRARIES = YES;
				CODE_SIGN_STYLE = Automatic;
				DEVELOPMENT_TEAM = JL43TC279Z;
				INFOPLIST_FILE = BibleApp_FinalUITests/Info.plist;
				LD_RUNPATH_SEARCH_PATHS = (
					"$(inherited)",
					"@executable_path/Frameworks",
					"@loader_path/Frameworks",
				);
				PRODUCT_BUNDLE_IDENTIFIER = "com.liuxing.BibleApp-FinalUITests";
				PRODUCT_NAME = "$(TARGET_NAME)";
				SWIFT_VERSION = 4.0;
				TARGETED_DEVICE_FAMILY = "1,2";
				TEST_TARGET_NAME = BibleApp_Final;
			};
			name = Release;
		};
/* End XCBuildConfiguration section */

/* Begin XCConfigurationList section */
		CAF3E23122B04ACD00DDAB21 /* Build configuration list for PBXProject "BibleApp_Final" */ = {
			isa = XCConfigurationList;
			buildConfigurations = (
				CAF3E25C22B04AD200DDAB21 /* Debug */,
				CAF3E25D22B04AD200DDAB21 /* Release */,
			);
			defaultConfigurationIsVisible = 0;
			defaultConfigurationName = Release;
		};
		CAF3E25E22B04AD200DDAB21 /* Build configuration list for PBXNativeTarget "BibleApp_Final" */ = {
			isa = XCConfigurationList;
			buildConfigurations = (
				CAF3E25F22B04AD200DDAB21 /* Debug */,
				CAF3E26022B04AD200DDAB21 /* Release */,
			);
			defaultConfigurationIsVisible = 0;
			defaultConfigurationName = Release;
		};
		CAF3E26122B04AD200DDAB21 /* Build configuration list for PBXNativeTarget "BibleApp_FinalTests" */ = {
			isa = XCConfigurationList;
			buildConfigurations = (
				CAF3E26222B04AD200DDAB21 /* Debug */,
				CAF3E26322B04AD200DDAB21 /* Release */,
			);
			defaultConfigurationIsVisible = 0;
			defaultConfigurationName = Release;
		};
		CAF3E26422B04AD200DDAB21 /* Build configuration list for PBXNativeTarget "BibleApp_FinalUITests" */ = {
			isa = XCConfigurationList;
			buildConfigurations = (
				CAF3E26522B04AD200DDAB21 /* Debug */,
				CAF3E26622B04AD200DDAB21 /* Release */,
			);
			defaultConfigurationIsVisible = 0;
			defaultConfigurationName = Release;
		};
/* End XCConfigurationList section */
	};
	rootObject = CAF3E22E22B04ACD00DDAB21 /* Project object */;
}
